
Microsoft Visual Studio Solution File, Format Version 11.00
# Visual Studio 2010
Project("{FAE04EC0-301F-11D3-BF4B-00C04F79EFBC}") = "VrPlayer", "VrPlayer\VrPlayer.csproj", "{D57FC621-BC2F-48B8-804C-F836C0BD1B3C}"
EndProject
Project("{FAE04EC0-301F-11D3-BF4B-00C04F79EFBC}") = "RazerHydraWrapper", "RazerHydraWrapper\RazerHydraWrapper.csproj", "{D3371693-9129-4693-8A33-8B9AC00A81FF}"
EndProject
Project("{54435603-DBB4-11D2-8724-00A0C9A8B90C}") = "VrPlayer.Setup", "VrPlayer.Setup\VrPlayer.Setup.vdproj", "{0EB8C64A-4F8D-4487-BCBA-D02C5221E923}"
EndProject
Project("{FAE04EC0-301F-11D3-BF4B-00C04F79EFBC}") = "VrPlayer.Tests", "VrPlayer.Tests\VrPlayer.Tests.csproj", "{677368A6-8732-4899-B3E0-A971334C413E}"
EndProject
Global
	GlobalSection(SolutionConfigurationPlatforms) = preSolution
		Debug|Any CPU = Debug|Any CPU
		Debug|Mixed Platforms = Debug|Mixed Platforms
		Debug|x86 = Debug|x86
		Release|Any CPU = Release|Any CPU
		Release|Mixed Platforms = Release|Mixed Platforms
		Release|x86 = Release|x86
	EndGlobalSection
	GlobalSection(ProjectConfigurationPlatforms) = postSolution
		{D57FC621-BC2F-48B8-804C-F836C0BD1B3C}.Debug|Any CPU.ActiveCfg = Debug|x86
		{D57FC621-BC2F-48B8-804C-F836C0BD1B3C}.Debug|Any CPU.Build.0 = Debug|x86
		{D57FC621-BC2F-48B8-804C-F836C0BD1B3C}.Debug|Mixed Platforms.ActiveCfg = Debug|x86
		{D57FC621-BC2F-48B8-804C-F836C0BD1B3C}.Debug|Mixed Platforms.Build.0 = Debug|x86
		{D57FC621-BC2F-48B8-804C-F836C0BD1B3C}.Debug|x86.ActiveCfg = Debug|x86
		{D57FC621-BC2F-48B8-804C-F836C0BD1B3C}.Debug|x86.Build.0 = Debug|x86
		{D57FC621-BC2F-48B8-804C-F836C0BD1B3C}.Release|Any CPU.ActiveCfg = Release|x86
		{D57FC621-BC2F-48B8-804C-F836C0BD1B3C}.Release|Any CPU.Build.0 = Release|x86
		{D57FC621-BC2F-48B8-804C-F836C0BD1B3C}.Release|Mixed Platforms.ActiveCfg = Release|x86
		{D57FC621-BC2F-48B8-804C-F836C0BD1B3C}.Release|Mixed Platforms.Build.0 = Release|x86
		{D57FC621-BC2F-48B8-804C-F836C0BD1B3C}.Release|x86.ActiveCfg = Release|x86
		{D57FC621-BC2F-48B8-804C-F836C0BD1B3C}.Release|x86.Build.0 = Release|x86
		{D3371693-9129-4693-8A33-8B9AC00A81FF}.Debug|Any CPU.ActiveCfg = Debug|Any CPU
		{D3371693-9129-4693-8A33-8B9AC00A81FF}.Debug|Any CPU.Build.0 = Debug|Any CPU
		{D3371693-9129-4693-8A33-8B9AC00A81FF}.Debug|Mixed Platforms.ActiveCfg = Debug|Any CPU
		{D3371693-9129-4693-8A33-8B9AC00A81FF}.Debug|Mixed Platforms.Build.0 = Debug|Any CPU
		{D3371693-9129-4693-8A33-8B9AC00A81FF}.Debug|x86.ActiveCfg = Debug|Any CPU
		{D3371693-9129-4693-8A33-8B9AC00A81FF}.Release|Any CPU.ActiveCfg = Release|Any CPU
		{D3371693-9129-4693-8A33-8B9AC00A81FF}.Release|Any CPU.Build.0 = Release|Any CPU
		{D3371693-9129-4693-8A33-8B9AC00A81FF}.Release|Mixed Platforms.ActiveCfg = Release|Any CPU
		{D3371693-9129-4693-8A33-8B9AC00A81FF}.Release|Mixed Platforms.Build.0 = Release|Any CPU
		{D3371693-9129-4693-8A33-8B9AC00A81FF}.Release|x86.ActiveCfg = Release|Any CPU
		{0EB8C64A-4F8D-4487-BCBA-D02C5221E923}.Debug|Any CPU.ActiveCfg = Debug
		{0EB8C64A-4F8D-4487-BCBA-D02C5221E923}.Debug|Any CPU.Build.0 = Debug
		{0EB8C64A-4F8D-4487-BCBA-D02C5221E923}.Debug|Mixed Platforms.ActiveCfg = Debug
		{0EB8C64A-4F8D-4487-BCBA-D02C5221E923}.Debug|Mixed Platforms.Build.0 = Debug
		{0EB8C64A-4F8D-4487-BCBA-D02C5221E923}.Debug|x86.ActiveCfg = Debug
		{0EB8C64A-4F8D-4487-BCBA-D02C5221E923}.Debug|x86.Build.0 = Debug
		{0EB8C64A-4F8D-4487-BCBA-D02C5221E923}.Release|Any CPU.ActiveCfg = Release
		{0EB8C64A-4F8D-4487-BCBA-D02C5221E923}.Release|Any CPU.Build.0 = Release
		{0EB8C64A-4F8D-4487-BCBA-D02C5221E923}.Release|Mixed Platforms.ActiveCfg = Release
		{0EB8C64A-4F8D-4487-BCBA-D02C5221E923}.Release|Mixed Platforms.Build.0 = Release
		{0EB8C64A-4F8D-4487-BCBA-D02C5221E923}.Release|x86.ActiveCfg = Release
		{0EB8C64A-4F8D-4487-BCBA-D02C5221E923}.Release|x86.Build.0 = Release
		{677368A6-8732-4899-B3E0-A971334C413E}.Debug|Any CPU.ActiveCfg = Debug|x86
		{677368A6-8732-4899-B3E0-A971334C413E}.Debug|Any CPU.Build.0 = Debug|x86
		{677368A6-8732-4899-B3E0-A971334C413E}.Debug|Mixed Platforms.ActiveCfg = Debug|Any CPU
		{677368A6-8732-4899-B3E0-A971334C413E}.Debug|Mixed Platforms.Build.0 = Debug|Any CPU
		{677368A6-8732-4899-B3E0-A971334C413E}.Debug|x86.ActiveCfg = Debug|Any CPU
		{677368A6-8732-4899-B3E0-A971334C413E}.Release|Any CPU.ActiveCfg = Release|x86
		{677368A6-8732-4899-B3E0-A971334C413E}.Release|Any CPU.Build.0 = Release|x86
		{677368A6-8732-4899-B3E0-A971334C413E}.Release|Mixed Platforms.ActiveCfg = Release|Any CPU
		{677368A6-8732-4899-B3E0-A971334C413E}.Release|Mixed Platforms.Build.0 = Release|Any CPU
		{677368A6-8732-4899-B3E0-A971334C413E}.Release|x86.ActiveCfg = Release|Any CPU
	EndGlobalSection
	GlobalSection(SolutionProperties) = preSolution
		HideSolutionNode = FALSE
	EndGlobalSection
EndGlobal
